
Microsoft Visual Studio Solution File, Format Version 12.00
# Visual Studio Version 17
VisualStudioVersion = 17.8.34511.84
MinimumVisualStudioVersion = 10.0.40219.1
Project("{FAE04EC0-301F-11D3-BF4B-00C04F79EFBC}") = "DotNet2_7_2", "DotNet2_7_2.csproj", "{75C4FB7F-7A14-4FEA-9ADE-506A4E514CA9}"
EndProject
Global
	GlobalSection(SolutionConfigurationPlatforms) = preSolution
		Debug|Any CPU = Debug|Any CPU
		Release|Any CPU = Release|Any CPU
	EndGlobalSection
	GlobalSection(ProjectConfigurationPlatforms) = postSolution
		{75C4FB7F-7A14-4FEA-9ADE-506A4E514CA9}.Debug|Any CPU.ActiveCfg = Debug|Any CPU
		{75C4FB7F-7A14-4FEA-9ADE-506A4E514CA9}.Debug|Any CPU.Build.0 = Debug|Any CPU
		{75C4FB7F-7A14-4FEA-9ADE-506A4E514CA9}.Release|Any CPU.ActiveCfg = Release|Any CPU
		{75C4FB7F-7A14-4FEA-9ADE-506A4E514CA9}.Release|Any CPU.Build.0 = Release|Any CPU
	EndGlobalSection
	GlobalSection(SolutionProperties) = preSolution
		HideSolutionNode = FALSE
	EndGlobalSection
	GlobalSection(ExtensibilityGlobals) = postSolution
		SolutionGuid = {130680D0-FCA8-44C0-9975-375B242FC4E1}
	EndGlobalSection
EndGlobal
